
Microsoft Visual Studio Solution File, Format Version 12.00
# Visual Studio Version 17
VisualStudioVersion = 17.11.35222.181
MinimumVisualStudioVersion = 10.0.40219.1
Project("{FAE04EC0-301F-11D3-BF4B-00C04F79EFBC}") = "TestGithubCLI", "TestGithubCLI.csproj", "{7C14F02E-A04B-4847-9230-9AD55870AB7D}"
EndProject
Global
	GlobalSection(SolutionConfigurationPlatforms) = preSolution
		Debug|Any CPU = Debug|Any CPU
		Release|Any CPU = Release|Any CPU
	EndGlobalSection
	GlobalSection(ProjectConfigurationPlatforms) = postSolution
		{7C14F02E-A04B-4847-9230-9AD55870AB7D}.Debug|Any CPU.ActiveCfg = Debug|Any CPU
		{7C14F02E-A04B-4847-9230-9AD55870AB7D}.Debug|Any CPU.Build.0 = Debug|Any CPU
		{7C14F02E-A04B-4847-9230-9AD55870AB7D}.Release|Any CPU.ActiveCfg = Release|Any CPU
		{7C14F02E-A04B-4847-9230-9AD55870AB7D}.Release|Any CPU.Build.0 = Release|Any CPU
	EndGlobalSection
	GlobalSection(SolutionProperties) = preSolution
		HideSolutionNode = FALSE
	EndGlobalSection
	GlobalSection(ExtensibilityGlobals) = postSolution
		SolutionGuid = {60597826-72C3-4F34-A1B6-9ADC338F9D1A}
	EndGlobalSection
EndGlobal
